// !$*UTF8*$!
{
	archiveVersion = 1;
	classes = {
	};
	objectVersion = 56;
	objects = {

/* Begin PBXBuildFile section */
		244038BB2CA71DDC008D156C /* DiscogsApp.swift in Sources */ = {isa = PBXBuildFile; fileRef = 244038BA2CA71DDC008D156C /* DiscogsApp.swift */; };
		244038BD2CA71DDC008D156C /* SearchView.swift in Sources */ = {isa = PBXBuildFile; fileRef = 244038BC2CA71DDC008D156C /* SearchView.swift */; };
		244038BF2CA71DDF008D156C /* Assets.xcassets in Resources */ = {isa = PBXBuildFile; fileRef = 244038BE2CA71DDF008D156C /* Assets.xcassets */; };
		244038C22CA71DDF008D156C /* Preview Assets.xcassets in Resources */ = {isa = PBXBuildFile; fileRef = 244038C12CA71DDF008D156C /* Preview Assets.xcassets */; };
		244038CC2CA71DDF008D156C /* DiscogsTests.swift in Sources */ = {isa = PBXBuildFile; fileRef = 244038CB2CA71DDF008D156C /* DiscogsTests.swift */; };
		244038E52CA75925008D156C /* TokenInputView.swift in Sources */ = {isa = PBXBuildFile; fileRef = 244038E42CA75925008D156C /* TokenInputView.swift */; };
		244038E72CA75A0B008D156C /* SearchViewModel.swift in Sources */ = {isa = PBXBuildFile; fileRef = 244038E62CA75A0B008D156C /* SearchViewModel.swift */; };
		244038E92CA75F9F008D156C /* Service.swift in Sources */ = {isa = PBXBuildFile; fileRef = 244038E82CA75F9F008D156C /* Service.swift */; };
		244038EB2CA77E2A008D156C /* ArtistItemView.swift in Sources */ = {isa = PBXBuildFile; fileRef = 244038EA2CA77E2A008D156C /* ArtistItemView.swift */; };
		244038ED2CA78CB6008D156C /* ArtistDetailView.swift in Sources */ = {isa = PBXBuildFile; fileRef = 244038EC2CA78CB6008D156C /* ArtistDetailView.swift */; };
		244038EF2CA7A8BF008D156C /* Artist.swift in Sources */ = {isa = PBXBuildFile; fileRef = 244038EE2CA7A8BF008D156C /* Artist.swift */; };
		244038F12CA7AF40008D156C /* ArtistDetails.swift in Sources */ = {isa = PBXBuildFile; fileRef = 244038F02CA7AF40008D156C /* ArtistDetails.swift */; };
		244038F32CA857AA008D156C /* ArtistDetailViewModel.swift in Sources */ = {isa = PBXBuildFile; fileRef = 244038F22CA857AA008D156C /* ArtistDetailViewModel.swift */; };
/* End PBXBuildFile section */

/* Begin PBXContainerItemProxy section */
		244038C82CA71DDF008D156C /* PBXContainerItemProxy */ = {
			isa = PBXContainerItemProxy;
			containerPortal = 244038AF2CA71DDC008D156C /* Project object */;
			proxyType = 1;
			remoteGlobalIDString = 244038B62CA71DDC008D156C;
			remoteInfo = Discogs;
		};
		244038D22CA71DDF008D156C /* PBXContainerItemProxy */ = {
			isa = PBXContainerItemProxy;
			containerPortal = 244038AF2CA71DDC008D156C /* Project object */;
			proxyType = 1;
			remoteGlobalIDString = 244038B62CA71DDC008D156C;
			remoteInfo = Discogs;
		};
/* End PBXContainerItemProxy section */

/* Begin PBXFileReference section */
		244038B72CA71DDC008D156C /* Discogs.app */ = {isa = PBXFileReference; explicitFileType = wrapper.application; includeInIndex = 0; path = Discogs.app; sourceTree = BUILT_PRODUCTS_DIR; };
		244038BA2CA71DDC008D156C /* DiscogsApp.swift */ = {isa = PBXFileReference; lastKnownFileType = sourcecode.swift; path = DiscogsApp.swift; sourceTree = "<group>"; };
		244038BC2CA71DDC008D156C /* SearchView.swift */ = {isa = PBXFileReference; lastKnownFileType = sourcecode.swift; path = SearchView.swift; sourceTree = "<group>"; };
		244038BE2CA71DDF008D156C /* Assets.xcassets */ = {isa = PBXFileReference; lastKnownFileType = folder.assetcatalog; path = Assets.xcassets; sourceTree = "<group>"; };
		244038C12CA71DDF008D156C /* Preview Assets.xcassets */ = {isa = PBXFileReference; lastKnownFileType = folder.assetcatalog; path = "Preview Assets.xcassets"; sourceTree = "<group>"; };
		244038C72CA71DDF008D156C /* DiscogsTests.xctest */ = {isa = PBXFileReference; explicitFileType = wrapper.cfbundle; includeInIndex = 0; path = DiscogsTests.xctest; sourceTree = BUILT_PRODUCTS_DIR; };
		244038CB2CA71DDF008D156C /* DiscogsTests.swift */ = {isa = PBXFileReference; lastKnownFileType = sourcecode.swift; path = DiscogsTests.swift; sourceTree = "<group>"; };
		244038D12CA71DDF008D156C /* DiscogsUITests.xctest */ = {isa = PBXFileReference; explicitFileType = wrapper.cfbundle; includeInIndex = 0; path = DiscogsUITests.xctest; sourceTree = BUILT_PRODUCTS_DIR; };
		244038E42CA75925008D156C /* TokenInputView.swift */ = {isa = PBXFileReference; lastKnownFileType = sourcecode.swift; path = TokenInputView.swift; sourceTree = "<group>"; };
		244038E62CA75A0B008D156C /* SearchViewModel.swift */ = {isa = PBXFileReference; lastKnownFileType = sourcecode.swift; path = SearchViewModel.swift; sourceTree = "<group>"; };
		244038E82CA75F9F008D156C /* Service.swift */ = {isa = PBXFileReference; lastKnownFileType = sourcecode.swift; path = Service.swift; sourceTree = "<group>"; };
		244038EA2CA77E2A008D156C /* ArtistItemView.swift */ = {isa = PBXFileReference; lastKnownFileType = sourcecode.swift; path = ArtistItemView.swift; sourceTree = "<group>"; };
		244038EC2CA78CB6008D156C /* ArtistDetailView.swift */ = {isa = PBXFileReference; lastKnownFileType = sourcecode.swift; path = ArtistDetailView.swift; sourceTree = "<group>"; };
		244038EE2CA7A8BF008D156C /* Artist.swift */ = {isa = PBXFileReference; lastKnownFileType = sourcecode.swift; path = Artist.swift; sourceTree = "<group>"; };
		244038F02CA7AF40008D156C /* ArtistDetails.swift */ = {isa = PBXFileReference; lastKnownFileType = sourcecode.swift; path = ArtistDetails.swift; sourceTree = "<group>"; };
		244038F22CA857AA008D156C /* ArtistDetailViewModel.swift */ = {isa = PBXFileReference; lastKnownFileType = sourcecode.swift; path = ArtistDetailViewModel.swift; sourceTree = "<group>"; };
/* End PBXFileReference section */

/* Begin PBXFrameworksBuildPhase section */
		244038B42CA71DDC008D156C /* Frameworks */ = {
			isa = PBXFrameworksBuildPhase;
			buildActionMask = 2147483647;
			files = (
			);
			runOnlyForDeploymentPostprocessing = 0;
		};
		244038C42CA71DDF008D156C /* Frameworks */ = {
			isa = PBXFrameworksBuildPhase;
			buildActionMask = 2147483647;
			files = (
			);
			runOnlyForDeploymentPostprocessing = 0;
		};
		244038CE2CA71DDF008D156C /* Frameworks */ = {
			isa = PBXFrameworksBuildPhase;
			buildActionMask = 2147483647;
			files = (
			);
			runOnlyForDeploymentPostprocessing = 0;
		};
/* End PBXFrameworksBuildPhase section */

/* Begin PBXGroup section */
		244038AE2CA71DDC008D156C = {
			isa = PBXGroup;
			children = (
				244038B92CA71DDC008D156C /* Discogs */,
				244038CA2CA71DDF008D156C /* DiscogsTests */,
				244038B82CA71DDC008D156C /* Products */,
			);
			sourceTree = "<group>";
		};
		244038B82CA71DDC008D156C /* Products */ = {
			isa = PBXGroup;
			children = (
				244038B72CA71DDC008D156C /* Discogs.app */,
				244038C72CA71DDF008D156C /* DiscogsTests.xctest */,
				244038D12CA71DDF008D156C /* DiscogsUITests.xctest */,
			);
			name = Products;
			sourceTree = "<group>";
		};
		244038B92CA71DDC008D156C /* Discogs */ = {
			isa = PBXGroup;
			children = (
				244038BA2CA71DDC008D156C /* DiscogsApp.swift */,
				244038E42CA75925008D156C /* TokenInputView.swift */,
				244038F72CA862D7008D156C /* SearchView */,
				244038F92CA862FF008D156C /* ArtistDetailsView */,
				244038F62CA862C0008D156C /* Models */,
				244038F82CA862EB008D156C /* Helpers */,
				244038BE2CA71DDF008D156C /* Assets.xcassets */,
				244038C02CA71DDF008D156C /* Preview Content */,
			);
			path = Discogs;
			sourceTree = "<group>";
		};
		244038C02CA71DDF008D156C /* Preview Content */ = {
			isa = PBXGroup;
			children = (
				244038C12CA71DDF008D156C /* Preview Assets.xcassets */,
			);
			path = "Preview Content";
			sourceTree = "<group>";
		};
		244038CA2CA71DDF008D156C /* DiscogsTests */ = {
			isa = PBXGroup;
			children = (
				244038CB2CA71DDF008D156C /* DiscogsTests.swift */,
			);
			path = DiscogsTests;
			sourceTree = "<group>";
		};
		244038F62CA862C0008D156C /* Models */ = {
			isa = PBXGroup;
			children = (
				244038EE2CA7A8BF008D156C /* Artist.swift */,
				244038F02CA7AF40008D156C /* ArtistDetails.swift */,
			);
			name = Models;
			sourceTree = "<group>";
		};
		244038F72CA862D7008D156C /* SearchView */ = {
			isa = PBXGroup;
			children = (
				244038BC2CA71DDC008D156C /* SearchView.swift */,
				244038EA2CA77E2A008D156C /* ArtistItemView.swift */,
				244038E62CA75A0B008D156C /* SearchViewModel.swift */,
			);
			path = SearchView;
			sourceTree = "<group>";
		};
		244038F82CA862EB008D156C /* Helpers */ = {
			isa = PBXGroup;
			children = (
				244038E82CA75F9F008D156C /* Service.swift */,
			);
			path = Helpers;
			sourceTree = "<group>";
		};
		244038F92CA862FF008D156C /* ArtistDetailsView */ = {
			isa = PBXGroup;
			children = (
				244038EC2CA78CB6008D156C /* ArtistDetailView.swift */,
				244038F22CA857AA008D156C /* ArtistDetailViewModel.swift */,
			);
			path = ArtistDetailsView;
			sourceTree = "<group>";
		};
/* End PBXGroup section */

/* Begin PBXNativeTarget section */
		244038B62CA71DDC008D156C /* Discogs */ = {
			isa = PBXNativeTarget;
			buildConfigurationList = 244038DB2CA71DDF008D156C /* Build configuration list for PBXNativeTarget "Discogs" */;
			buildPhases = (
				244038B32CA71DDC008D156C /* Sources */,
				244038B42CA71DDC008D156C /* Frameworks */,
				244038B52CA71DDC008D156C /* Resources */,
			);
			buildRules = (
			);
			dependencies = (
			);
			name = Discogs;
			productName = Discogs;
			productReference = 244038B72CA71DDC008D156C /* Discogs.app */;
			productType = "com.apple.product-type.application";
		};
		244038C62CA71DDF008D156C /* DiscogsTests */ = {
			isa = PBXNativeTarget;
			buildConfigurationList = 244038DE2CA71DDF008D156C /* Build configuration list for PBXNativeTarget "DiscogsTests" */;
			buildPhases = (
				244038C32CA71DDF008D156C /* Sources */,
				244038C42CA71DDF008D156C /* Frameworks */,
				244038C52CA71DDF008D156C /* Resources */,
			);
			buildRules = (
			);
			dependencies = (
				244038C92CA71DDF008D156C /* PBXTargetDependency */,
			);
			name = DiscogsTests;
			productName = DiscogsTests;
			productReference = 244038C72CA71DDF008D156C /* DiscogsTests.xctest */;
			productType = "com.apple.product-type.bundle.unit-test";
		};
		244038D02CA71DDF008D156C /* DiscogsUITests */ = {
			isa = PBXNativeTarget;
			buildConfigurationList = 244038E12CA71DDF008D156C /* Build configuration list for PBXNativeTarget "DiscogsUITests" */;
			buildPhases = (
				244038CD2CA71DDF008D156C /* Sources */,
				244038CE2CA71DDF008D156C /* Frameworks */,
				244038CF2CA71DDF008D156C /* Resources */,
			);
			buildRules = (
			);
			dependencies = (
				244038D32CA71DDF008D156C /* PBXTargetDependency */,
			);
			name = DiscogsUITests;
			productName = DiscogsUITests;
			productReference = 244038D12CA71DDF008D156C /* DiscogsUITests.xctest */;
			productType = "com.apple.product-type.bundle.ui-testing";
		};
/* End PBXNativeTarget section */

/* Begin PBXProject section */
		244038AF2CA71DDC008D156C /* Project object */ = {
			isa = PBXProject;
			attributes = {
				BuildIndependentTargetsInParallel = 1;
				LastSwiftUpdateCheck = 1520;
				LastUpgradeCheck = 1520;
				TargetAttributes = {
					244038B62CA71DDC008D156C = {
						CreatedOnToolsVersion = 15.2;
					};
					244038C62CA71DDF008D156C = {
						CreatedOnToolsVersion = 15.2;
						TestTargetID = 244038B62CA71DDC008D156C;
					};
					244038D02CA71DDF008D156C = {
						CreatedOnToolsVersion = 15.2;
						TestTargetID = 244038B62CA71DDC008D156C;
					};
				};
			};
			buildConfigurationList = 244038B22CA71DDC008D156C /* Build configuration list for PBXProject "Discogs" */;
			compatibilityVersion = "Xcode 14.0";
			developmentRegion = en;
			hasScannedForEncodings = 0;
			knownRegions = (
				en,
				Base,
			);
			mainGroup = 244038AE2CA71DDC008D156C;
			productRefGroup = 244038B82CA71DDC008D156C /* Products */;
			projectDirPath = "";
			projectRoot = "";
			targets = (
				244038B62CA71DDC008D156C /* Discogs */,
				244038C62CA71DDF008D156C /* DiscogsTests */,
				244038D02CA71DDF008D156C /* DiscogsUITests */,
			);
		};
/* End PBXProject section */

/* Begin PBXResourcesBuildPhase section */
		244038B52CA71DDC008D156C /* Resources */ = {
			isa = PBXResourcesBuildPhase;
			buildActionMask = 2147483647;
			files = (
				244038C22CA71DDF008D156C /* Preview Assets.xcassets in Resources */,
				244038BF2CA71DDF008D156C /* Assets.xcassets in Resources */,
			);
			runOnlyForDeploymentPostprocessing = 0;
		};
		244038C52CA71DDF008D156C /* Resources */ = {
			isa = PBXResourcesBuildPhase;
			buildActionMask = 2147483647;
			files = (
			);
			runOnlyForDeploymentPostprocessing = 0;
		};
		244038CF2CA71DDF008D156C /* Resources */ = {
			isa = PBXResourcesBuildPhase;
			buildActionMask = 2147483647;
			files = (
			);
			runOnlyForDeploymentPostprocessing = 0;
		};
/* End PBXResourcesBuildPhase section */

/* Begin PBXSourcesBuildPhase section */
		244038B32CA71DDC008D156C /* Sources */ = {
			isa = PBXSourcesBuildPhase;
			buildActionMask = 2147483647;
			files = (
				244038E52CA75925008D156C /* TokenInputView.swift in Sources */,
				244038ED2CA78CB6008D156C /* ArtistDetailView.swift in Sources */,
				244038F32CA857AA008D156C /* ArtistDetailViewModel.swift in Sources */,
				244038BD2CA71DDC008D156C /* SearchView.swift in Sources */,
				244038F12CA7AF40008D156C /* ArtistDetails.swift in Sources */,
				244038EB2CA77E2A008D156C /* ArtistItemView.swift in Sources */,
				244038E92CA75F9F008D156C /* Service.swift in Sources */,
				244038BB2CA71DDC008D156C /* DiscogsApp.swift in Sources */,
				244038EF2CA7A8BF008D156C /* Artist.swift in Sources */,
				244038E72CA75A0B008D156C /* SearchViewModel.swift in Sources */,
			);
			runOnlyForDeploymentPostprocessing = 0;
		};
		244038C32CA71DDF008D156C /* Sources */ = {
			isa = PBXSourcesBuildPhase;
			buildActionMask = 2147483647;
			files = (
				244038CC2CA71DDF008D156C /* DiscogsTests.swift in Sources */,
			);
			runOnlyForDeploymentPostprocessing = 0;
		};
		244038CD2CA71DDF008D156C /* Sources */ = {
			isa = PBXSourcesBuildPhase;
			buildActionMask = 2147483647;
			files = (
			);
			runOnlyForDeploymentPostprocessing = 0;
		};
/* End PBXSourcesBuildPhase section */

/* Begin PBXTargetDependency section */
		244038C92CA71DDF008D156C /* PBXTargetDependency */ = {
			isa = PBXTargetDependency;
			target = 244038B62CA71DDC008D156C /* Discogs */;
			targetProxy = 244038C82CA71DDF008D156C /* PBXContainerItemProxy */;
		};
		244038D32CA71DDF008D156C /* PBXTargetDependency */ = {
			isa = PBXTargetDependency;
			target = 244038B62CA71DDC008D156C /* Discogs */;
			targetProxy = 244038D22CA71DDF008D156C /* PBXContainerItemProxy */;
		};
/* End PBXTargetDependency section */

/* Begin XCBuildConfiguration section */
		244038D92CA71DDF008D156C /* Debug */ = {
			isa = XCBuildConfiguration;
			buildSettings = {
				ALWAYS_SEARCH_USER_PATHS = NO;
				ASSETCATALOG_COMPILER_GENERATE_SWIFT_ASSET_SYMBOL_EXTENSIONS = YES;
				CLANG_ANALYZER_NONNULL = YES;
				CLANG_ANALYZER_NUMBER_OBJECT_CONVERSION = YES_AGGRESSIVE;
				CLANG_CXX_LANGUAGE_STANDARD = "gnu++20";
				CLANG_ENABLE_MODULES = YES;
				CLANG_ENABLE_OBJC_ARC = YES;
				CLANG_ENABLE_OBJC_WEAK = YES;
				CLANG_WARN_BLOCK_CAPTURE_AUTORELEASING = YES;
				CLANG_WARN_BOOL_CONVERSION = YES;
				CLANG_WARN_COMMA = YES;
				CLANG_WARN_CONSTANT_CONVERSION = YES;
				CLANG_WARN_DEPRECATED_OBJC_IMPLEMENTATIONS = YES;
				CLANG_WARN_DIRECT_OBJC_ISA_USAGE = YES_ERROR;
				CLANG_WARN_DOCUMENTATION_COMMENTS = YES;
				CLANG_WARN_EMPTY_BODY = YES;
				CLANG_WARN_ENUM_CONVERSION = YES;
				CLANG_WARN_INFINITE_RECURSION = YES;
				CLANG_WARN_INT_CONVERSION = YES;
				CLANG_WARN_NON_LITERAL_NULL_CONVERSION = YES;
				CLANG_WARN_OBJC_IMPLICIT_RETAIN_SELF = YES;
				CLANG_WARN_OBJC_LITERAL_CONVERSION = YES;
				CLANG_WARN_OBJC_ROOT_CLASS = YES_ERROR;
				CLANG_WARN_QUOTED_INCLUDE_IN_FRAMEWORK_HEADER = YES;
				CLANG_WARN_RANGE_LOOP_ANALYSIS = YES;
				CLANG_WARN_STRICT_PROTOTYPES = YES;
				CLANG_WARN_SUSPICIOUS_MOVE = YES;
				CLANG_WARN_UNGUARDED_AVAILABILITY = YES_AGGRESSIVE;
				CLANG_WARN_UNREACHABLE_CODE = YES;
				CLANG_WARN__DUPLICATE_METHOD_MATCH = YES;
				COPY_PHASE_STRIP = NO;
				DEBUG_INFORMATION_FORMAT = dwarf;
				ENABLE_STRICT_OBJC_MSGSEND = YES;
				ENABLE_TESTABILITY = YES;
				ENABLE_USER_SCRIPT_SANDBOXING = YES;
				GCC_C_LANGUAGE_STANDARD = gnu17;
				GCC_DYNAMIC_NO_PIC = NO;
				GCC_NO_COMMON_BLOCKS = YES;
				GCC_OPTIMIZATION_LEVEL = 0;
				GCC_PREPROCESSOR_DEFINITIONS = (
					"DEBUG=1",
					"$(inherited)",
				);
				GCC_WARN_64_TO_32_BIT_CONVERSION = YES;
				GCC_WARN_ABOUT_RETURN_TYPE = YES_ERROR;
				GCC_WARN_UNDECLARED_SELECTOR = YES;
				GCC_WARN_UNINITIALIZED_AUTOS = YES_AGGRESSIVE;
				GCC_WARN_UNUSED_FUNCTION = YES;
				GCC_WARN_UNUSED_VARIABLE = YES;
				IPHONEOS_DEPLOYMENT_TARGET = 17.2;
				LOCALIZATION_PREFERS_STRING_CATALOGS = YES;
				MTL_ENABLE_DEBUG_INFO = INCLUDE_SOURCE;
				MTL_FAST_MATH = YES;
				ONLY_ACTIVE_ARCH = YES;
				SDKROOT = iphoneos;
				SWIFT_ACTIVE_COMPILATION_CONDITIONS = "DEBUG $(inherited)";
				SWIFT_OPTIMIZATION_LEVEL = "-Onone";
			};
			name = Debug;
		};
		244038DA2CA71DDF008D156C /* Release */ = {
			isa = XCBuildConfiguration;
			buildSettings = {
				ALWAYS_SEARCH_USER_PATHS = NO;
				ASSETCATALOG_COMPILER_GENERATE_SWIFT_ASSET_SYMBOL_EXTENSIONS = YES;
				CLANG_ANALYZER_NONNULL = YES;
				CLANG_ANALYZER_NUMBER_OBJECT_CONVERSION = YES_AGGRESSIVE;
				CLANG_CXX_LANGUAGE_STANDARD = "gnu++20";
				CLANG_ENABLE_MODULES = YES;
				CLANG_ENABLE_OBJC_ARC = YES;
				CLANG_ENABLE_OBJC_WEAK = YES;
				CLANG_WARN_BLOCK_CAPTURE_AUTORELEASING = YES;
				CLANG_WARN_BOOL_CONVERSION = YES;
				CLANG_WARN_COMMA = YES;
				CLANG_WARN_CONSTANT_CONVERSION = YES;
				CLANG_WARN_DEPRECATED_OBJC_IMPLEMENTATIONS = YES;
				CLANG_WARN_DIRECT_OBJC_ISA_USAGE = YES_ERROR;
				CLANG_WARN_DOCUMENTATION_COMMENTS = YES;
				CLANG_WARN_EMPTY_BODY = YES;
				CLANG_WARN_ENUM_CONVERSION = YES;
				CLANG_WARN_INFINITE_RECURSION = YES;
				CLANG_WARN_INT_CONVERSION = YES;
				CLANG_WARN_NON_LITERAL_NULL_CONVERSION = YES;
				CLANG_WARN_OBJC_IMPLICIT_RETAIN_SELF = YES;
				CLANG_WARN_OBJC_LITERAL_CONVERSION = YES;
				CLANG_WARN_OBJC_ROOT_CLASS = YES_ERROR;
				CLANG_WARN_QUOTED_INCLUDE_IN_FRAMEWORK_HEADER = YES;
				CLANG_WARN_RANGE_LOOP_ANALYSIS = YES;
				CLANG_WARN_STRICT_PROTOTYPES = YES;
				CLANG_WARN_SUSPICIOUS_MOVE = YES;
				CLANG_WARN_UNGUARDED_AVAILABILITY = YES_AGGRESSIVE;
				CLANG_WARN_UNREACHABLE_CODE = YES;
				CLANG_WARN__DUPLICATE_METHOD_MATCH = YES;
				COPY_PHASE_STRIP = NO;
				DEBUG_INFORMATION_FORMAT = "dwarf-with-dsym";
				ENABLE_NS_ASSERTIONS = NO;
				ENABLE_STRICT_OBJC_MSGSEND = YES;
				ENABLE_USER_SCRIPT_SANDBOXING = YES;
				GCC_C_LANGUAGE_STANDARD = gnu17;
				GCC_NO_COMMON_BLOCKS = YES;
				GCC_WARN_64_TO_32_BIT_CONVERSION = YES;
				GCC_WARN_ABOUT_RETURN_TYPE = YES_ERROR;
				GCC_WARN_UNDECLARED_SELECTOR = YES;
				GCC_WARN_UNINITIALIZED_AUTOS = YES_AGGRESSIVE;
				GCC_WARN_UNUSED_FUNCTION = YES;
				GCC_WARN_UNUSED_VARIABLE = YES;
				IPHONEOS_DEPLOYMENT_TARGET = 17.2;
				LOCALIZATION_PREFERS_STRING_CATALOGS = YES;
				MTL_ENABLE_DEBUG_INFO = NO;
				MTL_FAST_MATH = YES;
				SDKROOT = iphoneos;
				SWIFT_COMPILATION_MODE = wholemodule;
				VALIDATE_PRODUCT = YES;
			};
			name = Release;
		};
		244038DC2CA71DDF008D156C /* Debug */ = {
			isa = XCBuildConfiguration;
			buildSettings = {
				ASSETCATALOG_COMPILER_APPICON_NAME = AppIcon;
				ASSETCATALOG_COMPILER_GLOBAL_ACCENT_COLOR_NAME = AccentColor;
				CODE_SIGN_STYLE = Automatic;
				CURRENT_PROJECT_VERSION = 1;
				DEVELOPMENT_ASSET_PATHS = "\"Discogs/Preview Content\"";
				DEVELOPMENT_TEAM = W7KDN9ZT24;
				ENABLE_PREVIEWS = YES;
				GENERATE_INFOPLIST_FILE = YES;
				INFOPLIST_KEY_UIApplicationSceneManifest_Generation = YES;
				INFOPLIST_KEY_UIApplicationSupportsIndirectInputEvents = YES;
				INFOPLIST_KEY_UILaunchScreen_Generation = YES;
				INFOPLIST_KEY_UISupportedInterfaceOrientations_iPad = "UIInterfaceOrientationPortrait UIInterfaceOrientationPortraitUpsideDown UIInterfaceOrientationLandscapeLeft UIInterfaceOrientationLandscapeRight";
				INFOPLIST_KEY_UISupportedInterfaceOrientations_iPhone = "UIInterfaceOrientationPortrait UIInterfaceOrientationLandscapeLeft UIInterfaceOrientationLandscapeRight";
				LD_RUNPATH_SEARCH_PATHS = (
					"$(inherited)",
					"@executable_path/Frameworks",
				);
				MARKETING_VERSION = 1.0;
				PRODUCT_BUNDLE_IDENTIFIER = com.OmarTorres.Discogs;
				PRODUCT_NAME = "$(TARGET_NAME)";
				SWIFT_EMIT_LOC_STRINGS = YES;
				SWIFT_VERSION = 5.0;
				TARGETED_DEVICE_FAMILY = "1,2";
			};
			name = Debug;
		};
		244038DD2CA71DDF008D156C /* Release */ = {
			isa = XCBuildConfiguration;
			buildSettings = {
				ASSETCATALOG_COMPILER_APPICON_NAME = AppIcon;
				ASSETCATALOG_COMPILER_GLOBAL_ACCENT_COLOR_NAME = AccentColor;
				CODE_SIGN_STYLE = Automatic;
				CURRENT_PROJECT_VERSION = 1;
				DEVELOPMENT_ASSET_PATHS = "\"Discogs/Preview Content\"";
				DEVELOPMENT_TEAM = W7KDN9ZT24;
				ENABLE_PREVIEWS = YES;
				GENERATE_INFOPLIST_FILE = YES;
				INFOPLIST_KEY_UIApplicationSceneManifest_Generation = YES;
				INFOPLIST_KEY_UIApplicationSupportsIndirectInputEvents = YES;
				INFOPLIST_KEY_UILaunchScreen_Generation = YES;
				INFOPLIST_KEY_UISupportedInterfaceOrientations_iPad = "UIInterfaceOrientationPortrait UIInterfaceOrientationPortraitUpsideDown UIInterfaceOrientationLandscapeLeft UIInterfaceOrientationLandscapeRight";
				INFOPLIST_KEY_UISupportedInterfaceOrientations_iPhone = "UIInterfaceOrientationPortrait UIInterfaceOrientationLandscapeLeft UIInterfaceOrientationLandscapeRight";
				LD_RUNPATH_SEARCH_PATHS = (
					"$(inherited)",
					"@executable_path/Frameworks",
				);
				MARKETING_VERSION = 1.0;
				PRODUCT_BUNDLE_IDENTIFIER = com.OmarTorres.Discogs;
				PRODUCT_NAME = "$(TARGET_NAME)";
				SWIFT_EMIT_LOC_STRINGS = YES;
				SWIFT_VERSION = 5.0;
				TARGETED_DEVICE_FAMILY = "1,2";
			};
			name = Release;
		};
		244038DF2CA71DDF008D156C /* Debug */ = {
			isa = XCBuildConfiguration;
			buildSettings = {
				ALWAYS_EMBED_SWIFT_STANDARD_LIBRARIES = YES;
				BUNDLE_LOADER = "$(TEST_HOST)";
				CODE_SIGN_STYLE = Automatic;
				CURRENT_PROJECT_VERSION = 1;
				DEVELOPMENT_TEAM = W7KDN9ZT24;
				GENERATE_INFOPLIST_FILE = YES;
				IPHONEOS_DEPLOYMENT_TARGET = 17.2;
				MARKETING_VERSION = 1.0;
				PRODUCT_BUNDLE_IDENTIFIER = com.OmarTorres.DiscogsTests;
				PRODUCT_NAME = "$(TARGET_NAME)";
				SWIFT_EMIT_LOC_STRINGS = NO;
				SWIFT_VERSION = 5.0;
				TARGETED_DEVICE_FAMILY = "1,2";
				TEST_HOST = "$(BUILT_PRODUCTS_DIR)/Discogs.app/$(BUNDLE_EXECUTABLE_FOLDER_PATH)/Discogs";
			};
			name = Debug;
		};
		244038E02CA71DDF008D156C /* Release */ = {
			isa = XCBuildConfiguration;
			buildSettings = {
				ALWAYS_EMBED_SWIFT_STANDARD_LIBRARIES = YES;
				BUNDLE_LOADER = "$(TEST_HOST)";
				CODE_SIGN_STYLE = Automatic;
				CURRENT_PROJECT_VERSION = 1;
				DEVELOPMENT_TEAM = W7KDN9ZT24;
				GENERATE_INFOPLIST_FILE = YES;
				IPHONEOS_DEPLOYMENT_TARGET = 17.2;
				MARKETING_VERSION = 1.0;
				PRODUCT_BUNDLE_IDENTIFIER = com.OmarTorres.DiscogsTests;
				PRODUCT_NAME = "$(TARGET_NAME)";
				SWIFT_EMIT_LOC_STRINGS = NO;
				SWIFT_VERSION = 5.0;
				TARGETED_DEVICE_FAMILY = "1,2";
				TEST_HOST = "$(BUILT_PRODUCTS_DIR)/Discogs.app/$(BUNDLE_EXECUTABLE_FOLDER_PATH)/Discogs";
			};
			name = Release;
		};
		244038E22CA71DDF008D156C /* Debug */ = {
			isa = XCBuildConfiguration;
			buildSettings = {
				ALWAYS_EMBED_SWIFT_STANDARD_LIBRARIES = YES;
				CODE_SIGN_STYLE = Automatic;
				CURRENT_PROJECT_VERSION = 1;
				DEVELOPMENT_TEAM = W7KDN9ZT24;
				GENERATE_INFOPLIST_FILE = YES;
				MARKETING_VERSION = 1.0;
				PRODUCT_BUNDLE_IDENTIFIER = com.OmarTorres.DiscogsUITests;
				PRODUCT_NAME = "$(TARGET_NAME)";
				SWIFT_EMIT_LOC_STRINGS = NO;
				SWIFT_VERSION = 5.0;
				TARGETED_DEVICE_FAMILY = "1,2";
				TEST_TARGET_NAME = Discogs;
			};
			name = Debug;
		};
		244038E32CA71DDF008D156C /* Release */ = {
			isa = XCBuildConfiguration;
			buildSettings = {
				ALWAYS_EMBED_SWIFT_STANDARD_LIBRARIES = YES;
				CODE_SIGN_STYLE = Automatic;
				CURRENT_PROJECT_VERSION = 1;
				DEVELOPMENT_TEAM = W7KDN9ZT24;
				GENERATE_INFOPLIST_FILE = YES;
				MARKETING_VERSION = 1.0;
				PRODUCT_BUNDLE_IDENTIFIER = com.OmarTorres.DiscogsUITests;
				PRODUCT_NAME = "$(TARGET_NAME)";
				SWIFT_EMIT_LOC_STRINGS = NO;
				SWIFT_VERSION = 5.0;
				TARGETED_DEVICE_FAMILY = "1,2";
				TEST_TARGET_NAME = Discogs;
			};
			name = Release;
		};
/* End XCBuildConfiguration section */

/* Begin XCConfigurationList section */
		244038B22CA71DDC008D156C /* Build configuration list for PBXProject "Discogs" */ = {
			isa = XCConfigurationList;
			buildConfigurations = (
				244038D92CA71DDF008D156C /* Debug */,
				244038DA2CA71DDF008D156C /* Release */,
			);
			defaultConfigurationIsVisible = 0;
			defaultConfigurationName = Release;
		};
		244038DB2CA71DDF008D156C /* Build configuration list for PBXNativeTarget "Discogs" */ = {
			isa = XCConfigurationList;
			buildConfigurations = (
				244038DC2CA71DDF008D156C /* Debug */,
				244038DD2CA71DDF008D156C /* Release */,
			);
			defaultConfigurationIsVisible = 0;
			defaultConfigurationName = Release;
		};
		244038DE2CA71DDF008D156C /* Build configuration list for PBXNativeTarget "DiscogsTests" */ = {
			isa = XCConfigurationList;
			buildConfigurations = (
				244038DF2CA71DDF008D156C /* Debug */,
				244038E02CA71DDF008D156C /* Release */,
			);
			defaultConfigurationIsVisible = 0;
			defaultConfigurationName = Release;
		};
		244038E12CA71DDF008D156C /* Build configuration list for PBXNativeTarget "DiscogsUITests" */ = {
			isa = XCConfigurationList;
			buildConfigurations = (
				244038E22CA71DDF008D156C /* Debug */,
				244038E32CA71DDF008D156C /* Release */,
			);
			defaultConfigurationIsVisible = 0;
			defaultConfigurationName = Release;
		};
/* End XCConfigurationList section */
	};
	rootObject = 244038AF2CA71DDC008D156C /* Project object */;
}
